
Microsoft Visual Studio Solution File, Format Version 12.00
# Visual Studio Version 17
VisualStudioVersion = 17.2.32616.157
MinimumVisualStudioVersion = 10.0.40219.1
Project("{9A19103F-16F7-4668-BE54-9A1E7A4F7556}") = "SuperHero", "SuperHero\SuperHero.csproj", "{2B75B140-956B-4640-9918-88F13089F9EE}"
EndProject
Global
	GlobalSection(SolutionConfigurationPlatforms) = preSolution
		Debug|Any CPU = Debug|Any CPU
		Release|Any CPU = Release|Any CPU
	EndGlobalSection
	GlobalSection(ProjectConfigurationPlatforms) = postSolution
		{2B75B140-956B-4640-9918-88F13089F9EE}.Debug|Any CPU.ActiveCfg = Debug|Any CPU
		{2B75B140-956B-4640-9918-88F13089F9EE}.Debug|Any CPU.Build.0 = Debug|Any CPU
		{2B75B140-956B-4640-9918-88F13089F9EE}.Release|Any CPU.ActiveCfg = Release|Any CPU
		{2B75B140-956B-4640-9918-88F13089F9EE}.Release|Any CPU.Build.0 = Release|Any CPU
	EndGlobalSection
	GlobalSection(SolutionProperties) = preSolution
		HideSolutionNode = FALSE
	EndGlobalSection
	GlobalSection(ExtensibilityGlobals) = postSolution
		SolutionGuid = {3BE1BCC8-8A70-4340-8CFE-915873B19317}
	EndGlobalSection
EndGlobal
